
Microsoft Visual Studio Solution File, Format Version 12.00
# Visual Studio Version 17
VisualStudioVersion = 17.8.34330.188
MinimumVisualStudioVersion = 10.0.40219.1
Project("{FAE04EC0-301F-11D3-BF4B-00C04F79EFBC}") = "GameMart", "GameMart\GameMart.csproj", "{339383DA-57B2-42B1-82D0-D7193F33096D}"
EndProject
Global
	GlobalSection(SolutionConfigurationPlatforms) = preSolution
		Debug|Any CPU = Debug|Any CPU
		Release|Any CPU = Release|Any CPU
	EndGlobalSection
	GlobalSection(ProjectConfigurationPlatforms) = postSolution
		{339383DA-57B2-42B1-82D0-D7193F33096D}.Debug|Any CPU.ActiveCfg = Debug|Any CPU
		{339383DA-57B2-42B1-82D0-D7193F33096D}.Debug|Any CPU.Build.0 = Debug|Any CPU
		{339383DA-57B2-42B1-82D0-D7193F33096D}.Release|Any CPU.ActiveCfg = Release|Any CPU
		{339383DA-57B2-42B1-82D0-D7193F33096D}.Release|Any CPU.Build.0 = Release|Any CPU
	EndGlobalSection
	GlobalSection(SolutionProperties) = preSolution
		HideSolutionNode = FALSE
	EndGlobalSection
	GlobalSection(ExtensibilityGlobals) = postSolution
		SolutionGuid = {DAE786E8-E7A2-4BDE-86EB-735898C40932}
	EndGlobalSection
EndGlobal
